{
    "_meta": {
        "hash": {
            "sha256": "5ccee765aded62db69e01b94289622567ea7831a58d7602127adde0a53719bf2"
        },
        "pipfile-spec": 6,
        "requires": {
            "python_version": "3.11"
        },
        "sources": [
            {
                "name": "pypi",
                "url": "https://pypi.org/simple",
                "verify_ssl": true
            }
        ]
    },
    "default": {},
    "develop": {}
}
